// !$*UTF8*$!
{
	archiveVersion = 1;
	classes = {
	};
	objectVersion = 56;
	objects = {

/* Begin PBXBuildFile section */
		665BFA892BBB2B9A00D96C35 /* AppDelegate.swift in Sources */ = {isa = PBXBuildFile; fileRef = 665BFA882BBB2B9A00D96C35 /* AppDelegate.swift */; };
		665BFA8B2BBB2B9A00D96C35 /* SceneDelegate.swift in Sources */ = {isa = PBXBuildFile; fileRef = 665BFA8A2BBB2B9A00D96C35 /* SceneDelegate.swift */; };
		665BFA8D2BBB2B9A00D96C35 /* ViewController.swift in Sources */ = {isa = PBXBuildFile; fileRef = 665BFA8C2BBB2B9A00D96C35 /* ViewController.swift */; };
		665BFA902BBB2B9A00D96C35 /* Base in Resources */ = {isa = PBXBuildFile; fileRef = 665BFA8F2BBB2B9A00D96C35 /* Base */; };
		665BFA922BBB2B9C00D96C35 /* Assets.xcassets in Resources */ = {isa = PBXBuildFile; fileRef = 665BFA912BBB2B9C00D96C35 /* Assets.xcassets */; };
		665BFA952BBB2B9C00D96C35 /* Base in Resources */ = {isa = PBXBuildFile; fileRef = 665BFA942BBB2B9C00D96C35 /* Base */; };
		665BFAA02BBB2B9C00D96C35 /* HelloTests.swift in Sources */ = {isa = PBXBuildFile; fileRef = 665BFA9F2BBB2B9C00D96C35 /* HelloTests.swift */; };
		665BFAAA2BBB2B9C00D96C35 /* HelloUITests.swift in Sources */ = {isa = PBXBuildFile; fileRef = 665BFAA92BBB2B9C00D96C35 /* HelloUITests.swift */; };
		665BFAAC2BBB2B9C00D96C35 /* HelloUITestsLaunchTests.swift in Sources */ = {isa = PBXBuildFile; fileRef = 665BFAAB2BBB2B9C00D96C35 /* HelloUITestsLaunchTests.swift */; };
/* End PBXBuildFile section */

/* Begin PBXContainerItemProxy section */
		665BFA9C2BBB2B9C00D96C35 /* PBXContainerItemProxy */ = {
			isa = PBXContainerItemProxy;
			containerPortal = 665BFA7D2BBB2B9A00D96C35 /* Project object */;
			proxyType = 1;
			remoteGlobalIDString = 665BFA842BBB2B9A00D96C35;
			remoteInfo = Hello;
		};
		665BFAA62BBB2B9C00D96C35 /* PBXContainerItemProxy */ = {
			isa = PBXContainerItemProxy;
			containerPortal = 665BFA7D2BBB2B9A00D96C35 /* Project object */;
			proxyType = 1;
			remoteGlobalIDString = 665BFA842BBB2B9A00D96C35;
			remoteInfo = Hello;
		};
/* End PBXContainerItemProxy section */

/* Begin PBXFileReference section */
		665BFA852BBB2B9A00D96C35 /* Hello.app */ = {isa = PBXFileReference; explicitFileType = wrapper.application; includeInIndex = 0; path = Hello.app; sourceTree = BUILT_PRODUCTS_DIR; };
		665BFA882BBB2B9A00D96C35 /* AppDelegate.swift */ = {isa = PBXFileReference; lastKnownFileType = sourcecode.swift; path = AppDelegate.swift; sourceTree = "<group>"; };
		665BFA8A2BBB2B9A00D96C35 /* SceneDelegate.swift */ = {isa = PBXFileReference; lastKnownFileType = sourcecode.swift; path = SceneDelegate.swift; sourceTree = "<group>"; };
		665BFA8C2BBB2B9A00D96C35 /* ViewController.swift */ = {isa = PBXFileReference; lastKnownFileType = sourcecode.swift; path = ViewController.swift; sourceTree = "<group>"; };
		665BFA8F2BBB2B9A00D96C35 /* Base */ = {isa = PBXFileReference; lastKnownFileType = file.storyboard; name = Base; path = Base.lproj/Main.storyboard; sourceTree = "<group>"; };
		665BFA912BBB2B9C00D96C35 /* Assets.xcassets */ = {isa = PBXFileReference; lastKnownFileType = folder.assetcatalog; path = Assets.xcassets; sourceTree = "<group>"; };
		665BFA942BBB2B9C00D96C35 /* Base */ = {isa = PBXFileReference; lastKnownFileType = file.storyboard; name = Base; path = Base.lproj/LaunchScreen.storyboard; sourceTree = "<group>"; };
		665BFA962BBB2B9C00D96C35 /* Info.plist */ = {isa = PBXFileReference; lastKnownFileType = text.plist.xml; path = Info.plist; sourceTree = "<group>"; };
		665BFA9B2BBB2B9C00D96C35 /* HelloTests.xctest */ = {isa = PBXFileReference; explicitFileType = wrapper.cfbundle; includeInIndex = 0; path = HelloTests.xctest; sourceTree = BUILT_PRODUCTS_DIR; };
		665BFA9F2BBB2B9C00D96C35 /* HelloTests.swift */ = {isa = PBXFileReference; lastKnownFileType = sourcecode.swift; path = HelloTests.swift; sourceTree = "<group>"; };
		665BFAA52BBB2B9C00D96C35 /* HelloUITests.xctest */ = {isa = PBXFileReference; explicitFileType = wrapper.cfbundle; includeInIndex = 0; path = HelloUITests.xctest; sourceTree = BUILT_PRODUCTS_DIR; };
		665BFAA92BBB2B9C00D96C35 /* HelloUITests.swift */ = {isa = PBXFileReference; lastKnownFileType = sourcecode.swift; path = HelloUITests.swift; sourceTree = "<group>"; };
		665BFAAB2BBB2B9C00D96C35 /* HelloUITestsLaunchTests.swift */ = {isa = PBXFileReference; lastKnownFileType = sourcecode.swift; path = HelloUITestsLaunchTests.swift; sourceTree = "<group>"; };
/* End PBXFileReference section */

/* Begin PBXFrameworksBuildPhase section */
		665BFA822BBB2B9A00D96C35 /* Frameworks */ = {
			isa = PBXFrameworksBuildPhase;
			buildActionMask = 2147483647;
			files = (
			);
			runOnlyForDeploymentPostprocessing = 0;
		};
		665BFA982BBB2B9C00D96C35 /* Frameworks */ = {
			isa = PBXFrameworksBuildPhase;
			buildActionMask = 2147483647;
			files = (
			);
			runOnlyForDeploymentPostprocessing = 0;
		};
		665BFAA22BBB2B9C00D96C35 /* Frameworks */ = {
			isa = PBXFrameworksBuildPhase;
			buildActionMask = 2147483647;
			files = (
			);
			runOnlyForDeploymentPostprocessing = 0;
		};
/* End PBXFrameworksBuildPhase section */

/* Begin PBXGroup section */
		665BFA7C2BBB2B9A00D96C35 = {
			isa = PBXGroup;
			children = (
				665BFA872BBB2B9A00D96C35 /* Hello */,
				665BFA9E2BBB2B9C00D96C35 /* HelloTests */,
				665BFAA82BBB2B9C00D96C35 /* HelloUITests */,
				665BFA862BBB2B9A00D96C35 /* Products */,
			);
			sourceTree = "<group>";
		};
		665BFA862BBB2B9A00D96C35 /* Products */ = {
			isa = PBXGroup;
			children = (
				665BFA852BBB2B9A00D96C35 /* Hello.app */,
				665BFA9B2BBB2B9C00D96C35 /* HelloTests.xctest */,
				665BFAA52BBB2B9C00D96C35 /* HelloUITests.xctest */,
			);
			name = Products;
			sourceTree = "<group>";
		};
		665BFA872BBB2B9A00D96C35 /* Hello */ = {
			isa = PBXGroup;
			children = (
				665BFA882BBB2B9A00D96C35 /* AppDelegate.swift */,
				665BFA8A2BBB2B9A00D96C35 /* SceneDelegate.swift */,
				665BFA8C2BBB2B9A00D96C35 /* ViewController.swift */,
				665BFA8E2BBB2B9A00D96C35 /* Main.storyboard */,
				665BFA912BBB2B9C00D96C35 /* Assets.xcassets */,
				665BFA932BBB2B9C00D96C35 /* LaunchScreen.storyboard */,
				665BFA962BBB2B9C00D96C35 /* Info.plist */,
			);
			path = Hello;
			sourceTree = "<group>";
		};
		665BFA9E2BBB2B9C00D96C35 /* HelloTests */ = {
			isa = PBXGroup;
			children = (
				665BFA9F2BBB2B9C00D96C35 /* HelloTests.swift */,
			);
			path = HelloTests;
			sourceTree = "<group>";
		};
		665BFAA82BBB2B9C00D96C35 /* HelloUITests */ = {
			isa = PBXGroup;
			children = (
				665BFAA92BBB2B9C00D96C35 /* HelloUITests.swift */,
				665BFAAB2BBB2B9C00D96C35 /* HelloUITestsLaunchTests.swift */,
			);
			path = HelloUITests;
			sourceTree = "<group>";
		};
/* End PBXGroup section */

/* Begin PBXNativeTarget section */
		665BFA842BBB2B9A00D96C35 /* Hello */ = {
			isa = PBXNativeTarget;
			buildConfigurationList = 665BFAAF2BBB2B9C00D96C35 /* Build configuration list for PBXNativeTarget "Hello" */;
			buildPhases = (
				665BFA812BBB2B9A00D96C35 /* Sources */,
				665BFA822BBB2B9A00D96C35 /* Frameworks */,
				665BFA832BBB2B9A00D96C35 /* Resources */,
			);
			buildRules = (
			);
			dependencies = (
			);
			name = Hello;
			productName = Hello;
			productReference = 665BFA852BBB2B9A00D96C35 /* Hello.app */;
			productType = "com.apple.product-type.application";
		};
		665BFA9A2BBB2B9C00D96C35 /* HelloTests */ = {
			isa = PBXNativeTarget;
			buildConfigurationList = 665BFAB22BBB2B9C00D96C35 /* Build configuration list for PBXNativeTarget "HelloTests" */;
			buildPhases = (
				665BFA972BBB2B9C00D96C35 /* Sources */,
				665BFA982BBB2B9C00D96C35 /* Frameworks */,
				665BFA992BBB2B9C00D96C35 /* Resources */,
			);
			buildRules = (
			);
			dependencies = (
				665BFA9D2BBB2B9C00D96C35 /* PBXTargetDependency */,
			);
			name = HelloTests;
			productName = HelloTests;
			productReference = 665BFA9B2BBB2B9C00D96C35 /* HelloTests.xctest */;
			productType = "com.apple.product-type.bundle.unit-test";
		};
		665BFAA42BBB2B9C00D96C35 /* HelloUITests */ = {
			isa = PBXNativeTarget;
			buildConfigurationList = 665BFAB52BBB2B9C00D96C35 /* Build configuration list for PBXNativeTarget "HelloUITests" */;
			buildPhases = (
				665BFAA12BBB2B9C00D96C35 /* Sources */,
				665BFAA22BBB2B9C00D96C35 /* Frameworks */,
				665BFAA32BBB2B9C00D96C35 /* Resources */,
			);
			buildRules = (
			);
			dependencies = (
				665BFAA72BBB2B9C00D96C35 /* PBXTargetDependency */,
			);
			name = HelloUITests;
			productName = HelloUITests;
			productReference = 665BFAA52BBB2B9C00D96C35 /* HelloUITests.xctest */;
			productType = "com.apple.product-type.bundle.ui-testing";
		};
/* End PBXNativeTarget section */

/* Begin PBXProject section */
		665BFA7D2BBB2B9A00D96C35 /* Project object */ = {
			isa = PBXProject;
			attributes = {
				BuildIndependentTargetsInParallel = 1;
				LastSwiftUpdateCheck = 1530;
				LastUpgradeCheck = 1530;
				TargetAttributes = {
					665BFA842BBB2B9A00D96C35 = {
						CreatedOnToolsVersion = 15.3;
					};
					665BFA9A2BBB2B9C00D96C35 = {
						CreatedOnToolsVersion = 15.3;
						TestTargetID = 665BFA842BBB2B9A00D96C35;
					};
					665BFAA42BBB2B9C00D96C35 = {
						CreatedOnToolsVersion = 15.3;
						TestTargetID = 665BFA842BBB2B9A00D96C35;
					};
				};
			};
			buildConfigurationList = 665BFA802BBB2B9A00D96C35 /* Build configuration list for PBXProject "Hello" */;
			compatibilityVersion = "Xcode 14.0";
			developmentRegion = en;
			hasScannedForEncodings = 0;
			knownRegions = (
				en,
				Base,
			);
			mainGroup = 665BFA7C2BBB2B9A00D96C35;
			productRefGroup = 665BFA862BBB2B9A00D96C35 /* Products */;
			projectDirPath = "";
			projectRoot = "";
			targets = (
				665BFA842BBB2B9A00D96C35 /* Hello */,
				665BFA9A2BBB2B9C00D96C35 /* HelloTests */,
				665BFAA42BBB2B9C00D96C35 /* HelloUITests */,
			);
		};
/* End PBXProject section */

/* Begin PBXResourcesBuildPhase section */
		665BFA832BBB2B9A00D96C35 /* Resources */ = {
			isa = PBXResourcesBuildPhase;
			buildActionMask = 2147483647;
			files = (
				665BFA922BBB2B9C00D96C35 /* Assets.xcassets in Resources */,
				665BFA952BBB2B9C00D96C35 /* Base in Resources */,
				665BFA902BBB2B9A00D96C35 /* Base in Resources */,
			);
			runOnlyForDeploymentPostprocessing = 0;
		};
		665BFA992BBB2B9C00D96C35 /* Resources */ = {
			isa = PBXResourcesBuildPhase;
			buildActionMask = 2147483647;
			files = (
			);
			runOnlyForDeploymentPostprocessing = 0;
		};
		665BFAA32BBB2B9C00D96C35 /* Resources */ = {
			isa = PBXResourcesBuildPhase;
			buildActionMask = 2147483647;
			files = (
			);
			runOnlyForDeploymentPostprocessing = 0;
		};
/* End PBXResourcesBuildPhase section */

/* Begin PBXSourcesBuildPhase section */
		665BFA812BBB2B9A00D96C35 /* Sources */ = {
			isa = PBXSourcesBuildPhase;
			buildActionMask = 2147483647;
			files = (
				665BFA8D2BBB2B9A00D96C35 /* ViewController.swift in Sources */,
				665BFA892BBB2B9A00D96C35 /* AppDelegate.swift in Sources */,
				665BFA8B2BBB2B9A00D96C35 /* SceneDelegate.swift in Sources */,
			);
			runOnlyForDeploymentPostprocessing = 0;
		};
		665BFA972BBB2B9C00D96C35 /* Sources */ = {
			isa = PBXSourcesBuildPhase;
			buildActionMask = 2147483647;
			files = (
				665BFAA02BBB2B9C00D96C35 /* HelloTests.swift in Sources */,
			);
			runOnlyForDeploymentPostprocessing = 0;
		};
		665BFAA12BBB2B9C00D96C35 /* Sources */ = {
			isa = PBXSourcesBuildPhase;
			buildActionMask = 2147483647;
			files = (
				665BFAAA2BBB2B9C00D96C35 /* HelloUITests.swift in Sources */,
				665BFAAC2BBB2B9C00D96C35 /* HelloUITestsLaunchTests.swift in Sources */,
			);
			runOnlyForDeploymentPostprocessing = 0;
		};
/* End PBXSourcesBuildPhase section */

/* Begin PBXTargetDependency section */
		665BFA9D2BBB2B9C00D96C35 /* PBXTargetDependency */ = {
			isa = PBXTargetDependency;
			target = 665BFA842BBB2B9A00D96C35 /* Hello */;
			targetProxy = 665BFA9C2BBB2B9C00D96C35 /* PBXContainerItemProxy */;
		};
		665BFAA72BBB2B9C00D96C35 /* PBXTargetDependency */ = {
			isa = PBXTargetDependency;
			target = 665BFA842BBB2B9A00D96C35 /* Hello */;
			targetProxy = 665BFAA62BBB2B9C00D96C35 /* PBXContainerItemProxy */;
		};
/* End PBXTargetDependency section */

/* Begin PBXVariantGroup section */
		665BFA8E2BBB2B9A00D96C35 /* Main.storyboard */ = {
			isa = PBXVariantGroup;
			children = (
				665BFA8F2BBB2B9A00D96C35 /* Base */,
			);
			name = Main.storyboard;
			sourceTree = "<group>";
		};
		665BFA932BBB2B9C00D96C35 /* LaunchScreen.storyboard */ = {
			isa = PBXVariantGroup;
			children = (
				665BFA942BBB2B9C00D96C35 /* Base */,
			);
			name = LaunchScreen.storyboard;
			sourceTree = "<group>";
		};
/* End PBXVariantGroup section */

/* Begin XCBuildConfiguration section */
		665BFAAD2BBB2B9C00D96C35 /* Debug */ = {
			isa = XCBuildConfiguration;
			buildSettings = {
				ALWAYS_SEARCH_USER_PATHS = NO;
				ASSETCATALOG_COMPILER_GENERATE_SWIFT_ASSET_SYMBOL_EXTENSIONS = YES;
				CLANG_ANALYZER_NONNULL = YES;
				CLANG_ANALYZER_NUMBER_OBJECT_CONVERSION = YES_AGGRESSIVE;
				CLANG_CXX_LANGUAGE_STANDARD = "gnu++20";
				CLANG_ENABLE_MODULES = YES;
				CLANG_ENABLE_OBJC_ARC = YES;
				CLANG_ENABLE_OBJC_WEAK = YES;
				CLANG_WARN_BLOCK_CAPTURE_AUTORELEASING = YES;
				CLANG_WARN_BOOL_CONVERSION = YES;
				CLANG_WARN_COMMA = YES;
				CLANG_WARN_CONSTANT_CONVERSION = YES;
				CLANG_WARN_DEPRECATED_OBJC_IMPLEMENTATIONS = YES;
				CLANG_WARN_DIRECT_OBJC_ISA_USAGE = YES_ERROR;
				CLANG_WARN_DOCUMENTATION_COMMENTS = YES;
				CLANG_WARN_EMPTY_BODY = YES;
				CLANG_WARN_ENUM_CONVERSION = YES;
				CLANG_WARN_INFINITE_RECURSION = YES;
				CLANG_WARN_INT_CONVERSION = YES;
				CLANG_WARN_NON_LITERAL_NULL_CONVERSION = YES;
				CLANG_WARN_OBJC_IMPLICIT_RETAIN_SELF = YES;
				CLANG_WARN_OBJC_LITERAL_CONVERSION = YES;
				CLANG_WARN_OBJC_ROOT_CLASS = YES_ERROR;
				CLANG_WARN_QUOTED_INCLUDE_IN_FRAMEWORK_HEADER = YES;
				CLANG_WARN_RANGE_LOOP_ANALYSIS = YES;
				CLANG_WARN_STRICT_PROTOTYPES = YES;
				CLANG_WARN_SUSPICIOUS_MOVE = YES;
				CLANG_WARN_UNGUARDED_AVAILABILITY = YES_AGGRESSIVE;
				CLANG_WARN_UNREACHABLE_CODE = YES;
				CLANG_WARN__DUPLICATE_METHOD_MATCH = YES;
				COPY_PHASE_STRIP = NO;
				DEBUG_INFORMATION_FORMAT = dwarf;
				ENABLE_STRICT_OBJC_MSGSEND = YES;
				ENABLE_TESTABILITY = YES;
				ENABLE_USER_SCRIPT_SANDBOXING = YES;
				GCC_C_LANGUAGE_STANDARD = gnu17;
				GCC_DYNAMIC_NO_PIC = NO;
				GCC_NO_COMMON_BLOCKS = YES;
				GCC_OPTIMIZATION_LEVEL = 0;
				GCC_PREPROCESSOR_DEFINITIONS = (
					"DEBUG=1",
					"$(inherited)",
				);
				GCC_WARN_64_TO_32_BIT_CONVERSION = YES;
				GCC_WARN_ABOUT_RETURN_TYPE = YES_ERROR;
				GCC_WARN_UNDECLARED_SELECTOR = YES;
				GCC_WARN_UNINITIALIZED_AUTOS = YES_AGGRESSIVE;
				GCC_WARN_UNUSED_FUNCTION = YES;
				GCC_WARN_UNUSED_VARIABLE = YES;
				IPHONEOS_DEPLOYMENT_TARGET = 17.4;
				LOCALIZATION_PREFERS_STRING_CATALOGS = YES;
				MTL_ENABLE_DEBUG_INFO = INCLUDE_SOURCE;
				MTL_FAST_MATH = YES;
				ONLY_ACTIVE_ARCH = YES;
				SDKROOT = iphoneos;
				SWIFT_ACTIVE_COMPILATION_CONDITIONS = "DEBUG $(inherited)";
				SWIFT_OPTIMIZATION_LEVEL = "-Onone";
			};
			name = Debug;
		};
		665BFAAE2BBB2B9C00D96C35 /* Release */ = {
			isa = XCBuildConfiguration;
			buildSettings = {
				ALWAYS_SEARCH_USER_PATHS = NO;
				ASSETCATALOG_COMPILER_GENERATE_SWIFT_ASSET_SYMBOL_EXTENSIONS = YES;
				CLANG_ANALYZER_NONNULL = YES;
				CLANG_ANALYZER_NUMBER_OBJECT_CONVERSION = YES_AGGRESSIVE;
				CLANG_CXX_LANGUAGE_STANDARD = "gnu++20";
				CLANG_ENABLE_MODULES = YES;
				CLANG_ENABLE_OBJC_ARC = YES;
				CLANG_ENABLE_OBJC_WEAK = YES;
				CLANG_WARN_BLOCK_CAPTURE_AUTORELEASING = YES;
				CLANG_WARN_BOOL_CONVERSION = YES;
				CLANG_WARN_COMMA = YES;
				CLANG_WARN_CONSTANT_CONVERSION = YES;
				CLANG_WARN_DEPRECATED_OBJC_IMPLEMENTATIONS = YES;
				CLANG_WARN_DIRECT_OBJC_ISA_USAGE = YES_ERROR;
				CLANG_WARN_DOCUMENTATION_COMMENTS = YES;
				CLANG_WARN_EMPTY_BODY = YES;
				CLANG_WARN_ENUM_CONVERSION = YES;
				CLANG_WARN_INFINITE_RECURSION = YES;
				CLANG_WARN_INT_CONVERSION = YES;
				CLANG_WARN_NON_LITERAL_NULL_CONVERSION = YES;
				CLANG_WARN_OBJC_IMPLICIT_RETAIN_SELF = YES;
				CLANG_WARN_OBJC_LITERAL_CONVERSION = YES;
				CLANG_WARN_OBJC_ROOT_CLASS = YES_ERROR;
				CLANG_WARN_QUOTED_INCLUDE_IN_FRAMEWORK_HEADER = YES;
				CLANG_WARN_RANGE_LOOP_ANALYSIS = YES;
				CLANG_WARN_STRICT_PROTOTYPES = YES;
				CLANG_WARN_SUSPICIOUS_MOVE = YES;
				CLANG_WARN_UNGUARDED_AVAILABILITY = YES_AGGRESSIVE;
				CLANG_WARN_UNREACHABLE_CODE = YES;
				CLANG_WARN__DUPLICATE_METHOD_MATCH = YES;
				COPY_PHASE_STRIP = NO;
				DEBUG_INFORMATION_FORMAT = "dwarf-with-dsym";
				ENABLE_NS_ASSERTIONS = NO;
				ENABLE_STRICT_OBJC_MSGSEND = YES;
				ENABLE_USER_SCRIPT_SANDBOXING = YES;
				GCC_C_LANGUAGE_STANDARD = gnu17;
				GCC_NO_COMMON_BLOCKS = YES;
				GCC_WARN_64_TO_32_BIT_CONVERSION = YES;
				GCC_WARN_ABOUT_RETURN_TYPE = YES_ERROR;
				GCC_WARN_UNDECLARED_SELECTOR = YES;
				GCC_WARN_UNINITIALIZED_AUTOS = YES_AGGRESSIVE;
				GCC_WARN_UNUSED_FUNCTION = YES;
				GCC_WARN_UNUSED_VARIABLE = YES;
				IPHONEOS_DEPLOYMENT_TARGET = 17.4;
				LOCALIZATION_PREFERS_STRING_CATALOGS = YES;
				MTL_ENABLE_DEBUG_INFO = NO;
				MTL_FAST_MATH = YES;
				SDKROOT = iphoneos;
				SWIFT_COMPILATION_MODE = wholemodule;
				VALIDATE_PRODUCT = YES;
			};
			name = Release;
		};
		665BFAB02BBB2B9C00D96C35 /* Debug */ = {
			isa = XCBuildConfiguration;
			buildSettings = {
				ASSETCATALOG_COMPILER_APPICON_NAME = AppIcon;
				ASSETCATALOG_COMPILER_GLOBAL_ACCENT_COLOR_NAME = AccentColor;
				CODE_SIGN_STYLE = Automatic;
				CURRENT_PROJECT_VERSION = 1;
				DEVELOPMENT_TEAM = BAHNF9ZAAF;
				GENERATE_INFOPLIST_FILE = YES;
				INFOPLIST_FILE = Hello/Info.plist;
				INFOPLIST_KEY_CFBundleDisplayName = Hello;
				INFOPLIST_KEY_LSApplicationCategoryType = "public.app-category.education";
				INFOPLIST_KEY_UIApplicationSupportsIndirectInputEvents = YES;
				INFOPLIST_KEY_UILaunchStoryboardName = "/Users/gagansingh/Downloads/Files/AI File.ai";
				INFOPLIST_KEY_UIMainStoryboardFile = Main;
				INFOPLIST_KEY_UISupportedInterfaceOrientations_iPad = "UIInterfaceOrientationPortrait UIInterfaceOrientationPortraitUpsideDown UIInterfaceOrientationLandscapeLeft UIInterfaceOrientationLandscapeRight";
				INFOPLIST_KEY_UISupportedInterfaceOrientations_iPhone = "UIInterfaceOrientationPortrait UIInterfaceOrientationLandscapeLeft UIInterfaceOrientationLandscapeRight";
				LD_RUNPATH_SEARCH_PATHS = (
					"$(inherited)",
					"@executable_path/Frameworks",
				);
				MARKETING_VERSION = 1.0;
				PRODUCT_BUNDLE_IDENTIFIER = edu.gsingh9.Hello;
				PRODUCT_NAME = "$(TARGET_NAME)";
				SWIFT_EMIT_LOC_STRINGS = YES;
				SWIFT_VERSION = 5.0;
				TARGETED_DEVICE_FAMILY = "1,2";
			};
			name = Debug;
		};
		665BFAB12BBB2B9C00D96C35 /* Release */ = {
			isa = XCBuildConfiguration;
			buildSettings = {
				ASSETCATALOG_COMPILER_APPICON_NAME = AppIcon;
				ASSETCATALOG_COMPILER_GLOBAL_ACCENT_COLOR_NAME = AccentColor;
				CODE_SIGN_STYLE = Automatic;
				CURRENT_PROJECT_VERSION = 1;
				DEVELOPMENT_TEAM = BAHNF9ZAAF;
				GENERATE_INFOPLIST_FILE = YES;
				INFOPLIST_FILE = Hello/Info.plist;
				INFOPLIST_KEY_CFBundleDisplayName = Hello;
				INFOPLIST_KEY_LSApplicationCategoryType = "public.app-category.education";
				INFOPLIST_KEY_UIApplicationSupportsIndirectInputEvents = YES;
				INFOPLIST_KEY_UILaunchStoryboardName = "/Users/gagansingh/Downloads/Files/AI File.ai";
				INFOPLIST_KEY_UIMainStoryboardFile = Main;
				INFOPLIST_KEY_UISupportedInterfaceOrientations_iPad = "UIInterfaceOrientationPortrait UIInterfaceOrientationPortraitUpsideDown UIInterfaceOrientationLandscapeLeft UIInterfaceOrientationLandscapeRight";
				INFOPLIST_KEY_UISupportedInterfaceOrientations_iPhone = "UIInterfaceOrientationPortrait UIInterfaceOrientationLandscapeLeft UIInterfaceOrientationLandscapeRight";
				LD_RUNPATH_SEARCH_PATHS = (
					"$(inherited)",
					"@executable_path/Frameworks",
				);
				MARKETING_VERSION = 1.0;
				PRODUCT_BUNDLE_IDENTIFIER = edu.gsingh9.Hello;
				PRODUCT_NAME = "$(TARGET_NAME)";
				SWIFT_EMIT_LOC_STRINGS = YES;
				SWIFT_VERSION = 5.0;
				TARGETED_DEVICE_FAMILY = "1,2";
			};
			name = Release;
		};
		665BFAB32BBB2B9C00D96C35 /* Debug */ = {
			isa = XCBuildConfiguration;
			buildSettings = {
				ALWAYS_EMBED_SWIFT_STANDARD_LIBRARIES = YES;
				BUNDLE_LOADER = "$(TEST_HOST)";
				CODE_SIGN_STYLE = Automatic;
				CURRENT_PROJECT_VERSION = 1;
				GENERATE_INFOPLIST_FILE = YES;
				IPHONEOS_DEPLOYMENT_TARGET = 17.4;
				MARKETING_VERSION = 1.0;
				PRODUCT_BUNDLE_IDENTIFIER = edu.gsingh9.HelloTests;
				PRODUCT_NAME = "$(TARGET_NAME)";
				SWIFT_EMIT_LOC_STRINGS = NO;
				SWIFT_VERSION = 5.0;
				TARGETED_DEVICE_FAMILY = "1,2";
				TEST_HOST = "$(BUILT_PRODUCTS_DIR)/Hello.app/$(BUNDLE_EXECUTABLE_FOLDER_PATH)/Hello";
			};
			name = Debug;
		};
		665BFAB42BBB2B9C00D96C35 /* Release */ = {
			isa = XCBuildConfiguration;
			buildSettings = {
				ALWAYS_EMBED_SWIFT_STANDARD_LIBRARIES = YES;
				BUNDLE_LOADER = "$(TEST_HOST)";
				CODE_SIGN_STYLE = Automatic;
				CURRENT_PROJECT_VERSION = 1;
				GENERATE_INFOPLIST_FILE = YES;
				IPHONEOS_DEPLOYMENT_TARGET = 17.4;
				MARKETING_VERSION = 1.0;
				PRODUCT_BUNDLE_IDENTIFIER = edu.gsingh9.HelloTests;
				PRODUCT_NAME = "$(TARGET_NAME)";
				SWIFT_EMIT_LOC_STRINGS = NO;
				SWIFT_VERSION = 5.0;
				TARGETED_DEVICE_FAMILY = "1,2";
				TEST_HOST = "$(BUILT_PRODUCTS_DIR)/Hello.app/$(BUNDLE_EXECUTABLE_FOLDER_PATH)/Hello";
			};
			name = Release;
		};
		665BFAB62BBB2B9C00D96C35 /* Debug */ = {
			isa = XCBuildConfiguration;
			buildSettings = {
				ALWAYS_EMBED_SWIFT_STANDARD_LIBRARIES = YES;
				CODE_SIGN_STYLE = Automatic;
				CURRENT_PROJECT_VERSION = 1;
				GENERATE_INFOPLIST_FILE = YES;
				MARKETING_VERSION = 1.0;
				PRODUCT_BUNDLE_IDENTIFIER = edu.gsingh9.HelloUITests;
				PRODUCT_NAME = "$(TARGET_NAME)";
				SWIFT_EMIT_LOC_STRINGS = NO;
				SWIFT_VERSION = 5.0;
				TARGETED_DEVICE_FAMILY = "1,2";
				TEST_TARGET_NAME = Hello;
			};
			name = Debug;
		};
		665BFAB72BBB2B9C00D96C35 /* Release */ = {
			isa = XCBuildConfiguration;
			buildSettings = {
				ALWAYS_EMBED_SWIFT_STANDARD_LIBRARIES = YES;
				CODE_SIGN_STYLE = Automatic;
				CURRENT_PROJECT_VERSION = 1;
				GENERATE_INFOPLIST_FILE = YES;
				MARKETING_VERSION = 1.0;
				PRODUCT_BUNDLE_IDENTIFIER = edu.gsingh9.HelloUITests;
				PRODUCT_NAME = "$(TARGET_NAME)";
				SWIFT_EMIT_LOC_STRINGS = NO;
				SWIFT_VERSION = 5.0;
				TARGETED_DEVICE_FAMILY = "1,2";
				TEST_TARGET_NAME = Hello;
			};
			name = Release;
		};
/* End XCBuildConfiguration section */

/* Begin XCConfigurationList section */
		665BFA802BBB2B9A00D96C35 /* Build configuration list for PBXProject "Hello" */ = {
			isa = XCConfigurationList;
			buildConfigurations = (
				665BFAAD2BBB2B9C00D96C35 /* Debug */,
				665BFAAE2BBB2B9C00D96C35 /* Release */,
			);
			defaultConfigurationIsVisible = 0;
			defaultConfigurationName = Release;
		};
		665BFAAF2BBB2B9C00D96C35 /* Build configuration list for PBXNativeTarget "Hello" */ = {
			isa = XCConfigurationList;
			buildConfigurations = (
				665BFAB02BBB2B9C00D96C35 /* Debug */,
				665BFAB12BBB2B9C00D96C35 /* Release */,
			);
			defaultConfigurationIsVisible = 0;
			defaultConfigurationName = Release;
		};
		665BFAB22BBB2B9C00D96C35 /* Build configuration list for PBXNativeTarget "HelloTests" */ = {
			isa = XCConfigurationList;
			buildConfigurations = (
				665BFAB32BBB2B9C00D96C35 /* Debug */,
				665BFAB42BBB2B9C00D96C35 /* Release */,
			);
			defaultConfigurationIsVisible = 0;
			defaultConfigurationName = Release;
		};
		665BFAB52BBB2B9C00D96C35 /* Build configuration list for PBXNativeTarget "HelloUITests" */ = {
			isa = XCConfigurationList;
			buildConfigurations = (
				665BFAB62BBB2B9C00D96C35 /* Debug */,
				665BFAB72BBB2B9C00D96C35 /* Release */,
			);
			defaultConfigurationIsVisible = 0;
			defaultConfigurationName = Release;
		};
/* End XCConfigurationList section */
	};
	rootObject = 665BFA7D2BBB2B9A00D96C35 /* Project object */;
}
